
Microsoft Visual Studio Solution File, Format Version 12.00
Project("{FAE04EC0-301F-11D3-BF4B-00C04F79EFBC}") = "Carrosse", "Carrosse\Carrosse.csproj", "{F837F5F5-06CF-4075-B97F-C69FA8B61CFB}"
EndProject
Global
	GlobalSection(SolutionConfigurationPlatforms) = preSolution
		Debug|Any CPU = Debug|Any CPU
		Release|Any CPU = Release|Any CPU
	EndGlobalSection
	GlobalSection(ProjectConfigurationPlatforms) = postSolution
		{F837F5F5-06CF-4075-B97F-C69FA8B61CFB}.Debug|Any CPU.ActiveCfg = Debug|Any CPU
		{F837F5F5-06CF-4075-B97F-C69FA8B61CFB}.Debug|Any CPU.Build.0 = Debug|Any CPU
		{F837F5F5-06CF-4075-B97F-C69FA8B61CFB}.Release|Any CPU.ActiveCfg = Release|Any CPU
		{F837F5F5-06CF-4075-B97F-C69FA8B61CFB}.Release|Any CPU.Build.0 = Release|Any CPU
	EndGlobalSection
EndGlobal
